
Microsoft Visual Studio Solution File, Format Version 12.00
# Visual Studio 15
VisualStudioVersion = 15.0.27130.2036
MinimumVisualStudioVersion = 10.0.40219.1
Project("{FAE04EC0-301F-11D3-BF4B-00C04F79EFBC}") = "CSharpBankApp", "CSharpBankApp\CSharpBankApp.csproj", "{54CA0346-0BA8-46D6-B022-7557140B5E0E}"
EndProject
Project("{2150E333-8FDC-42A3-9474-1A3956D46DE8}") = "Solution Items", "Solution Items", "{BC30578D-AF06-4D12-95E1-02690CEFECE3}"
EndProject
Project("{FAE04EC0-301F-11D3-BF4B-00C04F79EFBC}") = "BankClassLibrary", "BankClassLibrary\BankClassLibrary.csproj", "{CD45506F-A91C-4AFE-BA5B-5C393400194F}"
EndProject
Project("{FAE04EC0-301F-11D3-BF4B-00C04F79EFBC}") = "TestConsole", "TestConsole\TestConsole.csproj", "{47589429-0B63-45E2-A541-632BE967F7B3}"
EndProject
Global
	GlobalSection(SolutionConfigurationPlatforms) = preSolution
		Debug|Any CPU = Debug|Any CPU
		Release|Any CPU = Release|Any CPU
	EndGlobalSection
	GlobalSection(ProjectConfigurationPlatforms) = postSolution
		{54CA0346-0BA8-46D6-B022-7557140B5E0E}.Debug|Any CPU.ActiveCfg = Debug|Any CPU
		{54CA0346-0BA8-46D6-B022-7557140B5E0E}.Debug|Any CPU.Build.0 = Debug|Any CPU
		{54CA0346-0BA8-46D6-B022-7557140B5E0E}.Release|Any CPU.ActiveCfg = Release|Any CPU
		{54CA0346-0BA8-46D6-B022-7557140B5E0E}.Release|Any CPU.Build.0 = Release|Any CPU
		{CD45506F-A91C-4AFE-BA5B-5C393400194F}.Debug|Any CPU.ActiveCfg = Debug|Any CPU
		{CD45506F-A91C-4AFE-BA5B-5C393400194F}.Debug|Any CPU.Build.0 = Debug|Any CPU
		{CD45506F-A91C-4AFE-BA5B-5C393400194F}.Release|Any CPU.ActiveCfg = Release|Any CPU
		{CD45506F-A91C-4AFE-BA5B-5C393400194F}.Release|Any CPU.Build.0 = Release|Any CPU
		{47589429-0B63-45E2-A541-632BE967F7B3}.Debug|Any CPU.ActiveCfg = Debug|Any CPU
		{47589429-0B63-45E2-A541-632BE967F7B3}.Debug|Any CPU.Build.0 = Debug|Any CPU
		{47589429-0B63-45E2-A541-632BE967F7B3}.Release|Any CPU.ActiveCfg = Release|Any CPU
		{47589429-0B63-45E2-A541-632BE967F7B3}.Release|Any CPU.Build.0 = Release|Any CPU
	EndGlobalSection
	GlobalSection(SolutionProperties) = preSolution
		HideSolutionNode = FALSE
	EndGlobalSection
	GlobalSection(ExtensibilityGlobals) = postSolution
		SolutionGuid = {C08907C0-D7F2-4556-B56F-0AC2DC992FB3}
	EndGlobalSection
EndGlobal
